
Microsoft Visual Studio Solution File, Format Version 12.00
# Visual Studio Version 16
VisualStudioVersion = 16.0.30011.22
MinimumVisualStudioVersion = 10.0.40219.1
Project("{FAE04EC0-301F-11D3-BF4B-00C04F79EFBC}") = "Zza.Data", "Zza.Data\Zza.Data.csproj", "{BB1E80DE-E6D1-4E29-BC2D-DB66B81163C5}"
EndProject
Project("{FAE04EC0-301F-11D3-BF4B-00C04F79EFBC}") = "Zza.Entities", "Zza.Entities\Zza.Entities.csproj", "{7EC71C6E-E769-4C9E-8327-C72B0724B1B7}"
EndProject
Project("{FAE04EC0-301F-11D3-BF4B-00C04F79EFBC}") = "Zza.Services", "Zza.Services\Zza.Services.csproj", "{24D3F8FF-B23A-42BF-B21A-18BBD66A145E}"
EndProject
Project("{FAE04EC0-301F-11D3-BF4B-00C04F79EFBC}") = "Zza.SelfHost", "Zza.SelfHost\Zza.SelfHost.csproj", "{4E8ED251-82BD-4F93-9687-6DF3D08D71D9}"
EndProject
Global
	GlobalSection(SolutionConfigurationPlatforms) = preSolution
		Debug|Any CPU = Debug|Any CPU
		Release|Any CPU = Release|Any CPU
	EndGlobalSection
	GlobalSection(ProjectConfigurationPlatforms) = postSolution
		{BB1E80DE-E6D1-4E29-BC2D-DB66B81163C5}.Debug|Any CPU.ActiveCfg = Debug|Any CPU
		{BB1E80DE-E6D1-4E29-BC2D-DB66B81163C5}.Debug|Any CPU.Build.0 = Debug|Any CPU
		{BB1E80DE-E6D1-4E29-BC2D-DB66B81163C5}.Release|Any CPU.ActiveCfg = Release|Any CPU
		{BB1E80DE-E6D1-4E29-BC2D-DB66B81163C5}.Release|Any CPU.Build.0 = Release|Any CPU
		{7EC71C6E-E769-4C9E-8327-C72B0724B1B7}.Debug|Any CPU.ActiveCfg = Debug|Any CPU
		{7EC71C6E-E769-4C9E-8327-C72B0724B1B7}.Debug|Any CPU.Build.0 = Debug|Any CPU
		{7EC71C6E-E769-4C9E-8327-C72B0724B1B7}.Release|Any CPU.ActiveCfg = Release|Any CPU
		{7EC71C6E-E769-4C9E-8327-C72B0724B1B7}.Release|Any CPU.Build.0 = Release|Any CPU
		{24D3F8FF-B23A-42BF-B21A-18BBD66A145E}.Debug|Any CPU.ActiveCfg = Debug|Any CPU
		{24D3F8FF-B23A-42BF-B21A-18BBD66A145E}.Debug|Any CPU.Build.0 = Debug|Any CPU
		{24D3F8FF-B23A-42BF-B21A-18BBD66A145E}.Release|Any CPU.ActiveCfg = Release|Any CPU
		{24D3F8FF-B23A-42BF-B21A-18BBD66A145E}.Release|Any CPU.Build.0 = Release|Any CPU
		{4E8ED251-82BD-4F93-9687-6DF3D08D71D9}.Debug|Any CPU.ActiveCfg = Debug|Any CPU
		{4E8ED251-82BD-4F93-9687-6DF3D08D71D9}.Debug|Any CPU.Build.0 = Debug|Any CPU
		{4E8ED251-82BD-4F93-9687-6DF3D08D71D9}.Release|Any CPU.ActiveCfg = Release|Any CPU
		{4E8ED251-82BD-4F93-9687-6DF3D08D71D9}.Release|Any CPU.Build.0 = Release|Any CPU
	EndGlobalSection
	GlobalSection(SolutionProperties) = preSolution
		HideSolutionNode = FALSE
	EndGlobalSection
	GlobalSection(ExtensibilityGlobals) = postSolution
		SolutionGuid = {A168CE51-2ACD-47D9-8B57-9AB620758574}
	EndGlobalSection
EndGlobal
